
Microsoft Visual Studio Solution File, Format Version 12.00
# Visual Studio Version 17
VisualStudioVersion = 17.12.35527.113
MinimumVisualStudioVersion = 10.0.40219.1
Project("{2150E333-8FDC-42A3-9474-1A3956D46DE8}") = "Solution Items", "Solution Items", "{8F09A160-D881-4E1E-B584-AEAADB62ECA7}"
	ProjectSection(SolutionItems) = preProject
		.editorconfig = .editorconfig
		Directory.Build.props = Directory.Build.props
		Directory.Packages.props = Directory.Packages.props
	EndProjectSection
EndProject
Project("{E53339B2-1760-4266-BCC7-CA923CBCF16C}") = "docker-compose", "docker-compose.dcproj", "{60457770-2B51-442E-8CB4-529558EE0BDD}"
EndProject
Project("{2150E333-8FDC-42A3-9474-1A3956D46DE8}") = "src", "src", "{4A8E2147-600D-4A1A-B433-FF8A0DE0278D}"
EndProject
Project("{FAE04EC0-301F-11D3-BF4B-00C04F79EFBC}") = "Packages", "src\Packages\Packages.csproj", "{C0E722E3-1202-415B-B9B6-B82CC42B9F7A}"
EndProject
Project("{FAE04EC0-301F-11D3-BF4B-00C04F79EFBC}") = "StepByStep.Api", "src\StepByStep.Api\StepByStep.Api.csproj", "{9DAAFEDA-DF5C-401B-8A6C-65A7D09479E9}"
EndProject
Project("{FAE04EC0-301F-11D3-BF4B-00C04F79EFBC}") = "StepByStep.AppHost", "src\StepByStep.AppHost\StepByStep.AppHost.csproj", "{71195AA4-69D7-4145-87DB-439A8B215AF4}"
EndProject
Project("{FAE04EC0-301F-11D3-BF4B-00C04F79EFBC}") = "StepByStep.ServiceDefaults", "src\StepByStep.ServiceDefaults\StepByStep.ServiceDefaults.csproj", "{B7287F55-A0EB-4936-9703-42EEE112C6F8}"
EndProject
Project("{FAE04EC0-301F-11D3-BF4B-00C04F79EFBC}") = "StepByStep.Core", "src\StepByStep.Core\StepByStep.Core.csproj", "{8D343BA3-B756-42E2-9DFF-38C6820D88C1}"
EndProject
Project("{FAE04EC0-301F-11D3-BF4B-00C04F79EFBC}") = "StepByStep.Sandbox", "src\StepByStep.Sandbox\StepByStep.Sandbox.csproj", "{5302A402-D81F-40FA-84CA-940E0FB4C4F8}"
EndProject
Global
	GlobalSection(SolutionConfigurationPlatforms) = preSolution
		Debug|Any CPU = Debug|Any CPU
		Release|Any CPU = Release|Any CPU
	EndGlobalSection
	GlobalSection(ProjectConfigurationPlatforms) = postSolution
		{60457770-2B51-442E-8CB4-529558EE0BDD}.Debug|Any CPU.ActiveCfg = Debug|Any CPU
		{60457770-2B51-442E-8CB4-529558EE0BDD}.Debug|Any CPU.Build.0 = Debug|Any CPU
		{60457770-2B51-442E-8CB4-529558EE0BDD}.Release|Any CPU.ActiveCfg = Release|Any CPU
		{60457770-2B51-442E-8CB4-529558EE0BDD}.Release|Any CPU.Build.0 = Release|Any CPU
		{C0E722E3-1202-415B-B9B6-B82CC42B9F7A}.Debug|Any CPU.ActiveCfg = Debug|Any CPU
		{C0E722E3-1202-415B-B9B6-B82CC42B9F7A}.Debug|Any CPU.Build.0 = Debug|Any CPU
		{C0E722E3-1202-415B-B9B6-B82CC42B9F7A}.Release|Any CPU.ActiveCfg = Release|Any CPU
		{C0E722E3-1202-415B-B9B6-B82CC42B9F7A}.Release|Any CPU.Build.0 = Release|Any CPU
		{9DAAFEDA-DF5C-401B-8A6C-65A7D09479E9}.Debug|Any CPU.ActiveCfg = Debug|Any CPU
		{9DAAFEDA-DF5C-401B-8A6C-65A7D09479E9}.Debug|Any CPU.Build.0 = Debug|Any CPU
		{9DAAFEDA-DF5C-401B-8A6C-65A7D09479E9}.Release|Any CPU.ActiveCfg = Release|Any CPU
		{9DAAFEDA-DF5C-401B-8A6C-65A7D09479E9}.Release|Any CPU.Build.0 = Release|Any CPU
		{71195AA4-69D7-4145-87DB-439A8B215AF4}.Debug|Any CPU.ActiveCfg = Debug|Any CPU
		{71195AA4-69D7-4145-87DB-439A8B215AF4}.Debug|Any CPU.Build.0 = Debug|Any CPU
		{71195AA4-69D7-4145-87DB-439A8B215AF4}.Release|Any CPU.ActiveCfg = Release|Any CPU
		{71195AA4-69D7-4145-87DB-439A8B215AF4}.Release|Any CPU.Build.0 = Release|Any CPU
		{B7287F55-A0EB-4936-9703-42EEE112C6F8}.Debug|Any CPU.ActiveCfg = Debug|Any CPU
		{B7287F55-A0EB-4936-9703-42EEE112C6F8}.Debug|Any CPU.Build.0 = Debug|Any CPU
		{B7287F55-A0EB-4936-9703-42EEE112C6F8}.Release|Any CPU.ActiveCfg = Release|Any CPU
		{B7287F55-A0EB-4936-9703-42EEE112C6F8}.Release|Any CPU.Build.0 = Release|Any CPU
		{8D343BA3-B756-42E2-9DFF-38C6820D88C1}.Debug|Any CPU.ActiveCfg = Debug|Any CPU
		{8D343BA3-B756-42E2-9DFF-38C6820D88C1}.Debug|Any CPU.Build.0 = Debug|Any CPU
		{8D343BA3-B756-42E2-9DFF-38C6820D88C1}.Release|Any CPU.ActiveCfg = Release|Any CPU
		{8D343BA3-B756-42E2-9DFF-38C6820D88C1}.Release|Any CPU.Build.0 = Release|Any CPU
		{5302A402-D81F-40FA-84CA-940E0FB4C4F8}.Debug|Any CPU.ActiveCfg = Debug|Any CPU
		{5302A402-D81F-40FA-84CA-940E0FB4C4F8}.Debug|Any CPU.Build.0 = Debug|Any CPU
		{5302A402-D81F-40FA-84CA-940E0FB4C4F8}.Release|Any CPU.ActiveCfg = Release|Any CPU
		{5302A402-D81F-40FA-84CA-940E0FB4C4F8}.Release|Any CPU.Build.0 = Release|Any CPU
	EndGlobalSection
	GlobalSection(SolutionProperties) = preSolution
		HideSolutionNode = FALSE
	EndGlobalSection
	GlobalSection(NestedProjects) = preSolution
		{C0E722E3-1202-415B-B9B6-B82CC42B9F7A} = {4A8E2147-600D-4A1A-B433-FF8A0DE0278D}
		{9DAAFEDA-DF5C-401B-8A6C-65A7D09479E9} = {4A8E2147-600D-4A1A-B433-FF8A0DE0278D}
		{71195AA4-69D7-4145-87DB-439A8B215AF4} = {4A8E2147-600D-4A1A-B433-FF8A0DE0278D}
		{B7287F55-A0EB-4936-9703-42EEE112C6F8} = {4A8E2147-600D-4A1A-B433-FF8A0DE0278D}
		{8D343BA3-B756-42E2-9DFF-38C6820D88C1} = {4A8E2147-600D-4A1A-B433-FF8A0DE0278D}
		{5302A402-D81F-40FA-84CA-940E0FB4C4F8} = {4A8E2147-600D-4A1A-B433-FF8A0DE0278D}
	EndGlobalSection
EndGlobal
